{
  "name": "Guitar Staff",
  "lockfileVersion": 2,
  "requires": true,
  "packages": {
    "": {
      "dependencies": {
        "d3-context-menu": "^2.1.0"
      }
    },
    "node_modules/d3-context-menu": {
      "version": "2.1.0",
      "resolved": "https://registry.npmjs.org/d3-context-menu/-/d3-context-menu-2.1.0.tgz",
      "integrity": "sha512-d/m4FbWKeUHJ74pTsQtXlMifX79rhR3bAPpYyOZP/VoSB6zFZz8hfn6sfcHoMg8wboWCpGpV83j3qcvjnsu6XA=="
    }
  },
  "dependencies": {
    "d3-context-menu": {
      "version": "2.1.0",
      "resolved": "https://registry.npmjs.org/d3-context-menu/-/d3-context-menu-2.1.0.tgz",
      "integrity": "sha512-d/m4FbWKeUHJ74pTsQtXlMifX79rhR3bAPpYyOZP/VoSB6zFZz8hfn6sfcHoMg8wboWCpGpV83j3qcvjnsu6XA=="
    }
  }
}
